
Microsoft Visual Studio Solution File, Format Version 12.00
# Visual Studio Version 18
VisualStudioVersion = 18.0.11205.157
MinimumVisualStudioVersion = 10.0.40219.1
Project("{9A19103F-16F7-4668-BE54-9A1E7A4F7556}") = "Sabatex.RadzenBlazor", "Sabatex.RadzenBlazor\Sabatex.RadzenBlazor.csproj", "{03887255-E56B-42F0-94BF-E19D309CD8F5}"
EndProject
Project("{2150E333-8FDC-42A3-9474-1A3956D46DE8}") = "Files", "Files", "{5D25820D-E7EA-45B0-B7E9-F233F6B9405A}"
	ProjectSection(SolutionItems) = preProject
		Directory.Build.props = Directory.Build.props
		LICENSE.txt = LICENSE.txt
		README.md = README.md
		sabatex-publish-solution.json = sabatex-publish-solution.json
	EndProjectSection
EndProject
Project("{FAE04EC0-301F-11D3-BF4B-00C04F79EFBC}") = "Sabatex.RadzenBlazor.Server", "Sabatex.RadzenBlazor.Server\Sabatex.RadzenBlazor.Server.csproj", "{0C28443B-1DB9-41E9-9756-E6F43FF3F2F2}"
EndProject
Project("{2150E333-8FDC-42A3-9474-1A3956D46DE8}") = "Demo", "Demo", "{3425C592-D618-4749-A916-9104106B4492}"
EndProject
Project("{FAE04EC0-301F-11D3-BF4B-00C04F79EFBC}") = "SabatexBlazorDemo.WASMClientB", "Demo\SabatexBlazorDemo.WASMClientB\SabatexBlazorDemo.WASMClientB.csproj", "{EA053B86-8E80-4B95-A963-2BE3ECE1E299}"
EndProject
Project("{FAE04EC0-301F-11D3-BF4B-00C04F79EFBC}") = "SabatexBlazorDemo.Shared", "Demo\SabatexBlazorDemo.Shared\SabatexBlazorDemo.Shared.csproj", "{AFA0F960-36B0-49EA-A150-0A7344D1CEBB}"
EndProject
Project("{FAE04EC0-301F-11D3-BF4B-00C04F79EFBC}") = "SabatexBlazorDemo.WASMClientA", "Demo\SabatexBlazorDemo.WASMClientA\SabatexBlazorDemo.WASMClientA.csproj", "{D24F13B8-0BC4-EE77-EE16-24B5FEB9CBCB}"
EndProject
Project("{FAE04EC0-301F-11D3-BF4B-00C04F79EFBC}") = "SabatexBlazorDemo.WASMApp", "Demo\SabatexBlazorDemo.WASMApp\SabatexBlazorDemo.WASMApp.csproj", "{C1781662-9199-0D06-05F8-563BE0C443E4}"
EndProject
Project("{FAE04EC0-301F-11D3-BF4B-00C04F79EFBC}") = "SabatexBlazorDemo", "Demo\SabatexBlazorDemo\SabatexBlazorDemo.csproj", "{10C51979-553C-AC33-6290-8079B9C25C2A}"
EndProject
Global
	GlobalSection(SolutionConfigurationPlatforms) = preSolution
		Debug|Any CPU = Debug|Any CPU
		Release|Any CPU = Release|Any CPU
	EndGlobalSection
	GlobalSection(ProjectConfigurationPlatforms) = postSolution
		{03887255-E56B-42F0-94BF-E19D309CD8F5}.Debug|Any CPU.ActiveCfg = Debug|Any CPU
		{03887255-E56B-42F0-94BF-E19D309CD8F5}.Debug|Any CPU.Build.0 = Debug|Any CPU
		{03887255-E56B-42F0-94BF-E19D309CD8F5}.Release|Any CPU.ActiveCfg = Release|Any CPU
		{03887255-E56B-42F0-94BF-E19D309CD8F5}.Release|Any CPU.Build.0 = Release|Any CPU
		{0C28443B-1DB9-41E9-9756-E6F43FF3F2F2}.Debug|Any CPU.ActiveCfg = Debug|Any CPU
		{0C28443B-1DB9-41E9-9756-E6F43FF3F2F2}.Debug|Any CPU.Build.0 = Debug|Any CPU
		{0C28443B-1DB9-41E9-9756-E6F43FF3F2F2}.Release|Any CPU.ActiveCfg = Release|Any CPU
		{0C28443B-1DB9-41E9-9756-E6F43FF3F2F2}.Release|Any CPU.Build.0 = Release|Any CPU
		{EA053B86-8E80-4B95-A963-2BE3ECE1E299}.Debug|Any CPU.ActiveCfg = Debug|Any CPU
		{EA053B86-8E80-4B95-A963-2BE3ECE1E299}.Debug|Any CPU.Build.0 = Debug|Any CPU
		{EA053B86-8E80-4B95-A963-2BE3ECE1E299}.Release|Any CPU.ActiveCfg = Release|Any CPU
		{EA053B86-8E80-4B95-A963-2BE3ECE1E299}.Release|Any CPU.Build.0 = Release|Any CPU
		{AFA0F960-36B0-49EA-A150-0A7344D1CEBB}.Debug|Any CPU.ActiveCfg = Debug|Any CPU
		{AFA0F960-36B0-49EA-A150-0A7344D1CEBB}.Debug|Any CPU.Build.0 = Debug|Any CPU
		{AFA0F960-36B0-49EA-A150-0A7344D1CEBB}.Release|Any CPU.ActiveCfg = Release|Any CPU
		{AFA0F960-36B0-49EA-A150-0A7344D1CEBB}.Release|Any CPU.Build.0 = Release|Any CPU
		{D24F13B8-0BC4-EE77-EE16-24B5FEB9CBCB}.Debug|Any CPU.ActiveCfg = Debug|Any CPU
		{D24F13B8-0BC4-EE77-EE16-24B5FEB9CBCB}.Debug|Any CPU.Build.0 = Debug|Any CPU
		{D24F13B8-0BC4-EE77-EE16-24B5FEB9CBCB}.Release|Any CPU.ActiveCfg = Release|Any CPU
		{D24F13B8-0BC4-EE77-EE16-24B5FEB9CBCB}.Release|Any CPU.Build.0 = Release|Any CPU
		{C1781662-9199-0D06-05F8-563BE0C443E4}.Debug|Any CPU.ActiveCfg = Debug|Any CPU
		{C1781662-9199-0D06-05F8-563BE0C443E4}.Debug|Any CPU.Build.0 = Debug|Any CPU
		{C1781662-9199-0D06-05F8-563BE0C443E4}.Release|Any CPU.ActiveCfg = Release|Any CPU
		{C1781662-9199-0D06-05F8-563BE0C443E4}.Release|Any CPU.Build.0 = Release|Any CPU
		{10C51979-553C-AC33-6290-8079B9C25C2A}.Debug|Any CPU.ActiveCfg = Debug|Any CPU
		{10C51979-553C-AC33-6290-8079B9C25C2A}.Debug|Any CPU.Build.0 = Debug|Any CPU
		{10C51979-553C-AC33-6290-8079B9C25C2A}.Release|Any CPU.ActiveCfg = Release|Any CPU
		{10C51979-553C-AC33-6290-8079B9C25C2A}.Release|Any CPU.Build.0 = Release|Any CPU
	EndGlobalSection
	GlobalSection(SolutionProperties) = preSolution
		HideSolutionNode = FALSE
	EndGlobalSection
	GlobalSection(NestedProjects) = preSolution
		{EA053B86-8E80-4B95-A963-2BE3ECE1E299} = {3425C592-D618-4749-A916-9104106B4492}
		{AFA0F960-36B0-49EA-A150-0A7344D1CEBB} = {3425C592-D618-4749-A916-9104106B4492}
		{D24F13B8-0BC4-EE77-EE16-24B5FEB9CBCB} = {3425C592-D618-4749-A916-9104106B4492}
		{C1781662-9199-0D06-05F8-563BE0C443E4} = {3425C592-D618-4749-A916-9104106B4492}
		{10C51979-553C-AC33-6290-8079B9C25C2A} = {3425C592-D618-4749-A916-9104106B4492}
	EndGlobalSection
	GlobalSection(ExtensibilityGlobals) = postSolution
		SolutionGuid = {9AE175BB-0F61-4B70-945C-B6046F5023F4}
	EndGlobalSection
EndGlobal
