
Microsoft Visual Studio Solution File, Format Version 12.00
# Visual Studio Version 18
VisualStudioVersion = 18.0.11205.157
MinimumVisualStudioVersion = 10.0.40219.1
Project("{9A19103F-16F7-4668-BE54-9A1E7A4F7556}") = "Sabatex.RadzenBlazor", "Sabatex.RadzenBlazor\Sabatex.RadzenBlazor.csproj", "{03887255-E56B-42F0-94BF-E19D309CD8F5}"
EndProject
Project("{2150E333-8FDC-42A3-9474-1A3956D46DE8}") = "Files", "Files", "{5D25820D-E7EA-45B0-B7E9-F233F6B9405A}"
	ProjectSection(SolutionItems) = preProject
		Directory.Build.props = Directory.Build.props
		Directory.Packages.props = Directory.Packages.props
		LICENSE.txt = LICENSE.txt
		README.md = README.md
	EndProjectSection
EndProject
Project("{FAE04EC0-301F-11D3-BF4B-00C04F79EFBC}") = "Sabatex.RadzenBlazor.Server", "Sabatex.RadzenBlazor.Server\Sabatex.RadzenBlazor.Server.csproj", "{0C28443B-1DB9-41E9-9756-E6F43FF3F2F2}"
EndProject
Project("{FAE04EC0-301F-11D3-BF4B-00C04F79EFBC}") = "RadzenBlazorDemo.Client", "RadzenBlazorDemo.Client\RadzenBlazorDemo.Client.csproj", "{39548CAB-9D75-EA9C-9A3A-6C09AE562419}"
EndProject
Project("{FAE04EC0-301F-11D3-BF4B-00C04F79EFBC}") = "RadzenBlazorDemo", "RadzenBlazorDemo\RadzenBlazorDemo.csproj", "{17C44CD5-A9D8-3A7A-0335-7B41FC39728B}"
EndProject
Global
	GlobalSection(SolutionConfigurationPlatforms) = preSolution
		Debug|Any CPU = Debug|Any CPU
		Release|Any CPU = Release|Any CPU
	EndGlobalSection
	GlobalSection(ProjectConfigurationPlatforms) = postSolution
		{03887255-E56B-42F0-94BF-E19D309CD8F5}.Debug|Any CPU.ActiveCfg = Debug|Any CPU
		{03887255-E56B-42F0-94BF-E19D309CD8F5}.Debug|Any CPU.Build.0 = Debug|Any CPU
		{03887255-E56B-42F0-94BF-E19D309CD8F5}.Release|Any CPU.ActiveCfg = Release|Any CPU
		{03887255-E56B-42F0-94BF-E19D309CD8F5}.Release|Any CPU.Build.0 = Release|Any CPU
		{0C28443B-1DB9-41E9-9756-E6F43FF3F2F2}.Debug|Any CPU.ActiveCfg = Debug|Any CPU
		{0C28443B-1DB9-41E9-9756-E6F43FF3F2F2}.Debug|Any CPU.Build.0 = Debug|Any CPU
		{0C28443B-1DB9-41E9-9756-E6F43FF3F2F2}.Release|Any CPU.ActiveCfg = Release|Any CPU
		{0C28443B-1DB9-41E9-9756-E6F43FF3F2F2}.Release|Any CPU.Build.0 = Release|Any CPU
		{39548CAB-9D75-EA9C-9A3A-6C09AE562419}.Debug|Any CPU.ActiveCfg = Debug|Any CPU
		{39548CAB-9D75-EA9C-9A3A-6C09AE562419}.Debug|Any CPU.Build.0 = Debug|Any CPU
		{39548CAB-9D75-EA9C-9A3A-6C09AE562419}.Release|Any CPU.ActiveCfg = Release|Any CPU
		{39548CAB-9D75-EA9C-9A3A-6C09AE562419}.Release|Any CPU.Build.0 = Release|Any CPU
		{17C44CD5-A9D8-3A7A-0335-7B41FC39728B}.Debug|Any CPU.ActiveCfg = Debug|Any CPU
		{17C44CD5-A9D8-3A7A-0335-7B41FC39728B}.Debug|Any CPU.Build.0 = Debug|Any CPU
		{17C44CD5-A9D8-3A7A-0335-7B41FC39728B}.Release|Any CPU.ActiveCfg = Release|Any CPU
		{17C44CD5-A9D8-3A7A-0335-7B41FC39728B}.Release|Any CPU.Build.0 = Release|Any CPU
	EndGlobalSection
	GlobalSection(SolutionProperties) = preSolution
		HideSolutionNode = FALSE
	EndGlobalSection
	GlobalSection(ExtensibilityGlobals) = postSolution
		SolutionGuid = {9AE175BB-0F61-4B70-945C-B6046F5023F4}
	EndGlobalSection
EndGlobal
